
Microsoft Visual Studio Solution File, Format Version 12.00
# Visual Studio 15
VisualStudioVersion = 15.0.27130.2027
MinimumVisualStudioVersion = 10.0.40219.1
Project("{9A19103F-16F7-4668-BE54-9A1E7A4F7556}") = "EventGridTestApp", "EventGridTestApp\EventGridTestApp.csproj", "{5F33C331-347C-4C63-97F6-1B135CF697EE}"
EndProject
Project("{9A19103F-16F7-4668-BE54-9A1E7A4F7556}") = "FunctionSendingToAX", "FunctionSendingToAX\FunctionSendingToAX.csproj", "{6FC9CF16-27D1-4C0D-B0CB-6321A00E1D1C}"
EndProject
Project("{9A19103F-16F7-4668-BE54-9A1E7A4F7556}") = "EventGridFunctionSendingToAX", "EventGridFunctionSendingToAX\EventGridFunctionSendingToAX.csproj", "{1FF1C482-E875-4142-92E3-F81D399DD4BD}"
EndProject
Project("{FAE04EC0-301F-11D3-BF4B-00C04F79EFBC}") = "SBthroughputTest", "SBthroughputTest\SBthroughputTest.csproj", "{81DA38ED-7BB8-448F-B473-DC41F7072C44}"
EndProject
Project("{FAE04EC0-301F-11D3-BF4B-00C04F79EFBC}") = "SimpleSBsendReceive", "SimpleSBsendReceive\SimpleSBsendReceive.csproj", "{65B9DAF7-F7AC-4648-9C12-D28827129452}"
EndProject
Project("{FAE04EC0-301F-11D3-BF4B-00C04F79EFBC}") = "SendToAXviaSB", "SendToAXviaSB\SendToAXviaSB.csproj", "{BA1C78C8-07DE-436A-A805-0B9B45C0AB40}"
EndProject
Global
	GlobalSection(SolutionConfigurationPlatforms) = preSolution
		Debug|Any CPU = Debug|Any CPU
		Release|Any CPU = Release|Any CPU
	EndGlobalSection
	GlobalSection(ProjectConfigurationPlatforms) = postSolution
		{5F33C331-347C-4C63-97F6-1B135CF697EE}.Debug|Any CPU.ActiveCfg = Debug|Any CPU
		{5F33C331-347C-4C63-97F6-1B135CF697EE}.Debug|Any CPU.Build.0 = Debug|Any CPU
		{5F33C331-347C-4C63-97F6-1B135CF697EE}.Release|Any CPU.ActiveCfg = Release|Any CPU
		{5F33C331-347C-4C63-97F6-1B135CF697EE}.Release|Any CPU.Build.0 = Release|Any CPU
		{6FC9CF16-27D1-4C0D-B0CB-6321A00E1D1C}.Debug|Any CPU.ActiveCfg = Debug|Any CPU
		{6FC9CF16-27D1-4C0D-B0CB-6321A00E1D1C}.Debug|Any CPU.Build.0 = Debug|Any CPU
		{6FC9CF16-27D1-4C0D-B0CB-6321A00E1D1C}.Release|Any CPU.ActiveCfg = Release|Any CPU
		{6FC9CF16-27D1-4C0D-B0CB-6321A00E1D1C}.Release|Any CPU.Build.0 = Release|Any CPU
		{1FF1C482-E875-4142-92E3-F81D399DD4BD}.Debug|Any CPU.ActiveCfg = Debug|Any CPU
		{1FF1C482-E875-4142-92E3-F81D399DD4BD}.Debug|Any CPU.Build.0 = Debug|Any CPU
		{1FF1C482-E875-4142-92E3-F81D399DD4BD}.Release|Any CPU.ActiveCfg = Release|Any CPU
		{1FF1C482-E875-4142-92E3-F81D399DD4BD}.Release|Any CPU.Build.0 = Release|Any CPU
		{81DA38ED-7BB8-448F-B473-DC41F7072C44}.Debug|Any CPU.ActiveCfg = Debug|Any CPU
		{81DA38ED-7BB8-448F-B473-DC41F7072C44}.Debug|Any CPU.Build.0 = Debug|Any CPU
		{81DA38ED-7BB8-448F-B473-DC41F7072C44}.Release|Any CPU.ActiveCfg = Release|Any CPU
		{81DA38ED-7BB8-448F-B473-DC41F7072C44}.Release|Any CPU.Build.0 = Release|Any CPU
		{65B9DAF7-F7AC-4648-9C12-D28827129452}.Debug|Any CPU.ActiveCfg = Debug|Any CPU
		{65B9DAF7-F7AC-4648-9C12-D28827129452}.Debug|Any CPU.Build.0 = Debug|Any CPU
		{65B9DAF7-F7AC-4648-9C12-D28827129452}.Release|Any CPU.ActiveCfg = Release|Any CPU
		{65B9DAF7-F7AC-4648-9C12-D28827129452}.Release|Any CPU.Build.0 = Release|Any CPU
		{BA1C78C8-07DE-436A-A805-0B9B45C0AB40}.Debug|Any CPU.ActiveCfg = Debug|Any CPU
		{BA1C78C8-07DE-436A-A805-0B9B45C0AB40}.Debug|Any CPU.Build.0 = Debug|Any CPU
		{BA1C78C8-07DE-436A-A805-0B9B45C0AB40}.Release|Any CPU.ActiveCfg = Release|Any CPU
		{BA1C78C8-07DE-436A-A805-0B9B45C0AB40}.Release|Any CPU.Build.0 = Release|Any CPU
	EndGlobalSection
	GlobalSection(SolutionProperties) = preSolution
		HideSolutionNode = FALSE
	EndGlobalSection
	GlobalSection(ExtensibilityGlobals) = postSolution
		SolutionGuid = {5AA7D40B-24E9-480D-87B5-A9232C7FA1F1}
	EndGlobalSection
EndGlobal
